
Microsoft Visual Studio Solution File, Format Version 12.00
# Visual Studio Version 17
VisualStudioVersion = 17.5.33530.505
MinimumVisualStudioVersion = 10.0.40219.1
Project("{FAE04EC0-301F-11D3-BF4B-00C04F79EFBC}") = "WebAPI", "WebAPI\WebAPI.csproj", "{7136B699-EF98-48F9-8631-68F015C68E57}"
EndProject
Global
	GlobalSection(SolutionConfigurationPlatforms) = preSolution
		Debug|Any CPU = Debug|Any CPU
		Release|Any CPU = Release|Any CPU
	EndGlobalSection
	GlobalSection(ProjectConfigurationPlatforms) = postSolution
		{7136B699-EF98-48F9-8631-68F015C68E57}.Debug|Any CPU.ActiveCfg = Debug|Any CPU
		{7136B699-EF98-48F9-8631-68F015C68E57}.Debug|Any CPU.Build.0 = Debug|Any CPU
		{7136B699-EF98-48F9-8631-68F015C68E57}.Release|Any CPU.ActiveCfg = Release|Any CPU
		{7136B699-EF98-48F9-8631-68F015C68E57}.Release|Any CPU.Build.0 = Release|Any CPU
	EndGlobalSection
	GlobalSection(SolutionProperties) = preSolution
		HideSolutionNode = FALSE
	EndGlobalSection
	GlobalSection(ExtensibilityGlobals) = postSolution
		SolutionGuid = {CF85A5AE-3804-4551-BA9E-47BD0292087B}
	EndGlobalSection
EndGlobal
